
Microsoft Visual Studio Solution File, Format Version 12.00
# Visual Studio 15
Project("{FAE04EC0-301F-11D3-BF4B-00C04F79EFBC}") = "Oculus.Interaction.Editor", "Oculus.Interaction.Editor.csproj", "{513E9AF1-70CE-41FF-9BD0-9A0D4DF3DEEE}"
EndProject
Project("{FAE04EC0-301F-11D3-BF4B-00C04F79EFBC}") = "Meta.WitAi.Conduit", "Meta.WitAi.Conduit.csproj", "{E821672C-F4CE-26CD-8922-7437132884BB}"
EndProject
Project("{FAE04EC0-301F-11D3-BF4B-00C04F79EFBC}") = "Oculus.VR", "Oculus.VR.csproj", "{D325164A-579D-9A98-3F1B-A05866F57A28}"
EndProject
Project("{FAE04EC0-301F-11D3-BF4B-00C04F79EFBC}") = "Oculus.Interaction", "Oculus.Interaction.csproj", "{AA67E322-B1F3-93E5-89A9-43876CAB3517}"
EndProject
Project("{FAE04EC0-301F-11D3-BF4B-00C04F79EFBC}") = "Meta.Voice.Samples.ShapesConduit", "Meta.Voice.Samples.ShapesConduit.csproj", "{958564CE-C7AB-E26F-CC9B-56A083C30168}"
EndProject
Project("{FAE04EC0-301F-11D3-BF4B-00C04F79EFBC}") = "Meta.WitAi.Editor", "Meta.WitAi.Editor.csproj", "{C672D7E3-5CDB-E7AA-6FDD-53990AE106AC}"
EndProject
Project("{FAE04EC0-301F-11D3-BF4B-00C04F79EFBC}") = "Oculus.Platform", "Oculus.Platform.csproj", "{D4BC18AD-E60F-3912-A45E-F36DFD13AF8C}"
EndProject
Project("{FAE04EC0-301F-11D3-BF4B-00C04F79EFBC}") = "VoiceSDK.Telemetry", "VoiceSDK.Telemetry.csproj", "{10B2B53D-33E2-24DF-72BF-0BEBDA122019}"
EndProject
Project("{FAE04EC0-301F-11D3-BF4B-00C04F79EFBC}") = "Meta.WitAi.Conduit.Editor", "Meta.WitAi.Conduit.Editor.csproj", "{707C0C4C-5578-6E2E-C9A7-9A26913F13CF}"
EndProject
Project("{FAE04EC0-301F-11D3-BF4B-00C04F79EFBC}") = "Meta.WitAi", "Meta.WitAi.csproj", "{B22613B7-86E0-3DEA-BA85-8DCAF51B578D}"
EndProject
Project("{FAE04EC0-301F-11D3-BF4B-00C04F79EFBC}") = "Oculus.Interaction.OVR.Samples", "Oculus.Interaction.OVR.Samples.csproj", "{5BF5E3A9-2A8F-C175-8E9A-5D9AB85B44A2}"
EndProject
Project("{FAE04EC0-301F-11D3-BF4B-00C04F79EFBC}") = "Assembly-CSharp", "Assembly-CSharp.csproj", "{E35C8671-CB8A-5090-8017-EEB3494FFC99}"
EndProject
Project("{FAE04EC0-301F-11D3-BF4B-00C04F79EFBC}") = "Meta.WitAi.Lib", "Meta.WitAi.Lib.csproj", "{0D217847-2CEE-2B2A-1ECF-597836422FE7}"
EndProject
Project("{FAE04EC0-301F-11D3-BF4B-00C04F79EFBC}") = "Oculus.VR.Editor", "Oculus.VR.Editor.csproj", "{87629F6C-06AC-4C31-EEAD-65D70524A558}"
EndProject
Project("{FAE04EC0-301F-11D3-BF4B-00C04F79EFBC}") = "Meta.Voice.Hub.Runtime", "Meta.Voice.Hub.Runtime.csproj", "{2889A98F-415F-0076-61C9-F56A9CC4BC6E}"
EndProject
Project("{FAE04EC0-301F-11D3-BF4B-00C04F79EFBC}") = "Oculus.Interaction.OVR.Editor", "Oculus.Interaction.OVR.Editor.csproj", "{412DF760-51DA-DCF5-4722-1A5173114919}"
EndProject
Project("{FAE04EC0-301F-11D3-BF4B-00C04F79EFBC}") = "VoiceSDK.Dictation.Runtime", "VoiceSDK.Dictation.Runtime.csproj", "{21FAB4C0-2198-3F27-B866-8300F30F32C2}"
EndProject
Project("{FAE04EC0-301F-11D3-BF4B-00C04F79EFBC}") = "Oculus.LipSync", "Oculus.LipSync.csproj", "{2587131F-8D85-A99F-3B1A-1955E6763B82}"
EndProject
Project("{FAE04EC0-301F-11D3-BF4B-00C04F79EFBC}") = "Oculus.Interaction.OVR", "Oculus.Interaction.OVR.csproj", "{7ECB9FD4-BF52-FAC1-D12F-DE85772304E3}"
EndProject
Project("{FAE04EC0-301F-11D3-BF4B-00C04F79EFBC}") = "Meta.Voice.Hub.Editor", "Meta.Voice.Hub.Editor.csproj", "{19547991-3120-25F8-AB85-F2EC9B5892AE}"
EndProject
Project("{FAE04EC0-301F-11D3-BF4B-00C04F79EFBC}") = "VoiceSDK.Editor", "VoiceSDK.Editor.csproj", "{7779A45C-5DE8-A169-FD55-2C1224B62BBC}"
EndProject
Project("{FAE04EC0-301F-11D3-BF4B-00C04F79EFBC}") = "Meta.WitAI.Lib.Editor", "Meta.WitAI.Lib.Editor.csproj", "{07FBF6E5-BBC9-A6AF-D7F6-2ACB3BABFC5E}"
EndProject
Project("{FAE04EC0-301F-11D3-BF4B-00C04F79EFBC}") = "Oculus.Spatializer.Editor", "Oculus.Spatializer.Editor.csproj", "{BC9C5968-86B4-031E-FA83-1F2663B7ADF8}"
EndProject
Project("{FAE04EC0-301F-11D3-BF4B-00C04F79EFBC}") = "Oculus.AudioManager", "Oculus.AudioManager.csproj", "{D8ACBD66-7754-12B9-42F8-0D0A300AD222}"
EndProject
Project("{FAE04EC0-301F-11D3-BF4B-00C04F79EFBC}") = "AssistantCoreSDKRuntime", "AssistantCoreSDKRuntime.csproj", "{CF0DDDBE-02D5-DA21-25A5-194DBF05D368}"
EndProject
Project("{FAE04EC0-301F-11D3-BF4B-00C04F79EFBC}") = "VoiceSDK.Runtime", "VoiceSDK.Runtime.csproj", "{4CE6723A-8E80-117C-49F3-6F0388B5B545}"
EndProject
Project("{FAE04EC0-301F-11D3-BF4B-00C04F79EFBC}") = "Facebook.Wit.Dictation", "Facebook.Wit.Dictation.csproj", "{244F0D9E-9866-EB4F-0BF8-0F25A866EF6E}"
EndProject
Project("{FAE04EC0-301F-11D3-BF4B-00C04F79EFBC}") = "Meta.Voice.Samples.BuiltInTimer", "Meta.Voice.Samples.BuiltInTimer.csproj", "{767229D9-C8A7-CF75-2D82-01208CA611E1}"
EndProject
Project("{FAE04EC0-301F-11D3-BF4B-00C04F79EFBC}") = "Oculus.Platform.Editor", "Oculus.Platform.Editor.csproj", "{A74BEFA0-406E-9355-A1DE-94BF80E96E30}"
EndProject
Project("{FAE04EC0-301F-11D3-BF4B-00C04F79EFBC}") = "Meta.XR.BuildingBlocks.Editor", "Meta.XR.BuildingBlocks.Editor.csproj", "{395627F9-6581-7DD1-0A83-063CA196960C}"
EndProject
Project("{FAE04EC0-301F-11D3-BF4B-00C04F79EFBC}") = "Meta.Voice.Samples.TTSVoices", "Meta.Voice.Samples.TTSVoices.csproj", "{8855AF5C-C5E8-18B4-F9B6-F6DC0842A222}"
EndProject
Project("{FAE04EC0-301F-11D3-BF4B-00C04F79EFBC}") = "Meta.Voice.VSDKHub.Editor", "Meta.Voice.VSDKHub.Editor.csproj", "{60442897-2335-EE6A-22D5-BD4D4637240C}"
EndProject
Project("{FAE04EC0-301F-11D3-BF4B-00C04F79EFBC}") = "Meta.WitAi.TTS", "Meta.WitAi.TTS.csproj", "{42CEF243-75EA-25FB-972C-CDB80765E993}"
EndProject
Project("{FAE04EC0-301F-11D3-BF4B-00C04F79EFBC}") = "Oculus.AudioManager.Audio.Editor", "Oculus.AudioManager.Audio.Editor.csproj", "{1F7F140D-03F7-3E8E-527C-BED97E28929E}"
EndProject
Project("{FAE04EC0-301F-11D3-BF4B-00C04F79EFBC}") = "Assembly-CSharp-Editor", "Assembly-CSharp-Editor.csproj", "{7C7B8FFF-27DA-A5F3-05D9-F560EEE6153A}"
EndProject
Project("{FAE04EC0-301F-11D3-BF4B-00C04F79EFBC}") = "Meta.Voice.Samples.Chess", "Meta.Voice.Samples.Chess.csproj", "{39E1AC1E-DAE9-9A77-70CE-4F2E68E7DECC}"
EndProject
Project("{FAE04EC0-301F-11D3-BF4B-00C04F79EFBC}") = "Oculus.VR.Scripts.Editor", "Oculus.VR.Scripts.Editor.csproj", "{9466B2CF-FF5C-11B3-50F8-6ACCCC1DED1F}"
EndProject
Project("{FAE04EC0-301F-11D3-BF4B-00C04F79EFBC}") = "Meta.Voice.Samples.LightTraits", "Meta.Voice.Samples.LightTraits.csproj", "{DDF86F1D-7046-D2D2-44D9-3CA23D1B8049}"
EndProject
Project("{FAE04EC0-301F-11D3-BF4B-00C04F79EFBC}") = "Meta.Voice.Samples.Dictation", "Meta.Voice.Samples.Dictation.csproj", "{C2E50763-3D82-9445-7BA8-010EBDE98998}"
EndProject
Project("{FAE04EC0-301F-11D3-BF4B-00C04F79EFBC}") = "Meta.Voice.Samples.Shapes", "Meta.Voice.Samples.Shapes.csproj", "{618AC0D6-B6CD-208A-2B92-FC4F21EBEE7C}"
EndProject
Project("{FAE04EC0-301F-11D3-BF4B-00C04F79EFBC}") = "Oculus.Interaction.Samples.Editor", "Oculus.Interaction.Samples.Editor.csproj", "{DB4B0BFE-1F53-7B4D-BDA6-AC83177448E7}"
EndProject
Project("{FAE04EC0-301F-11D3-BF4B-00C04F79EFBC}") = "Meta.WitAi.TTS.Editor", "Meta.WitAi.TTS.Editor.csproj", "{2D4EA6D3-9F16-4C76-147B-B6922A5CA6A6}"
EndProject
Project("{FAE04EC0-301F-11D3-BF4B-00C04F79EFBC}") = "Meta.XR.BuildingBlocks", "Meta.XR.BuildingBlocks.csproj", "{D14953B3-E75C-CF29-CBB6-975F10684605}"
EndProject
Project("{FAE04EC0-301F-11D3-BF4B-00C04F79EFBC}") = "Oculus.Spatializer", "Oculus.Spatializer.csproj", "{6098170E-826E-8132-C932-C277F9DAE852}"
EndProject
Project("{FAE04EC0-301F-11D3-BF4B-00C04F79EFBC}") = "Oculus.LipSync.Editor", "Oculus.LipSync.Editor.csproj", "{BD584CC2-7E90-33F4-9763-95A28FF9A307}"
EndProject
Project("{FAE04EC0-301F-11D3-BF4B-00C04F79EFBC}") = "Oculus.AudioManager.Utils.Editor", "Oculus.AudioManager.Utils.Editor.csproj", "{DFB320C8-F5B5-9923-DBE1-492AAEB9D758}"
EndProject
Project("{FAE04EC0-301F-11D3-BF4B-00C04F79EFBC}") = "Meta.VoiceSDK.Mic.Common", "Meta.VoiceSDK.Mic.Common.csproj", "{840FC125-4A43-32C9-5FA4-1E707B524957}"
EndProject
Project("{FAE04EC0-301F-11D3-BF4B-00C04F79EFBC}") = "VoiceSDK.Dictation.Editor", "VoiceSDK.Dictation.Editor.csproj", "{D0726D9D-DB53-357A-6240-7E069291327A}"
EndProject
Project("{FAE04EC0-301F-11D3-BF4B-00C04F79EFBC}") = "Meta.VoiceSDK.Mic.Other", "Meta.VoiceSDK.Mic.Other.csproj", "{01084492-8A37-C4C7-BA4A-FB5462DEE419}"
EndProject
Project("{FAE04EC0-301F-11D3-BF4B-00C04F79EFBC}") = "AssistantCoreSDKEditor", "AssistantCoreSDKEditor.csproj", "{2A1A9EEB-2E95-6E55-D59D-4DA3D3BFB568}"
EndProject
Project("{FAE04EC0-301F-11D3-BF4B-00C04F79EFBC}") = "Oculus.Interaction.InterfaceSupport", "Oculus.Interaction.InterfaceSupport.csproj", "{408153C5-55C9-C3FF-9CC3-8A904FD6CB97}"
EndProject
Project("{FAE04EC0-301F-11D3-BF4B-00C04F79EFBC}") = "Meta.Voice.Samples.LiveUnderstanding", "Meta.Voice.Samples.LiveUnderstanding.csproj", "{64B06345-B665-B6F5-AAF5-4BB0ED5698C9}"
EndProject
Project("{FAE04EC0-301F-11D3-BF4B-00C04F79EFBC}") = "Facebook.Wit.Dictation.Editor", "Facebook.Wit.Dictation.Editor.csproj", "{10F228E4-D477-ABD6-9330-E0A4BB72658D}"
EndProject
Project("{FAE04EC0-301F-11D3-BF4B-00C04F79EFBC}") = "Meta.VoiceSDK.Mic.WebGL", "Meta.VoiceSDK.Mic.WebGL.csproj", "{B5F7902B-E5CA-33C8-CE77-FC5B6014DCF4}"
EndProject
Global
	GlobalSection(SolutionConfigurationPlatforms) = preSolution
		Debug|Any CPU = Debug|Any CPU
		Release|Any CPU = Release|Any CPU
	EndGlobalSection
	GlobalSection(ProjectConfigurationPlatforms) = postSolution
		{513E9AF1-70CE-41FF-9BD0-9A0D4DF3DEEE}.Debug|Any CPU.ActiveCfg = Debug|Any CPU
		{513E9AF1-70CE-41FF-9BD0-9A0D4DF3DEEE}.Debug|Any CPU.Build.0 = Debug|Any CPU
		{513E9AF1-70CE-41FF-9BD0-9A0D4DF3DEEE}.Release|Any CPU.ActiveCfg = Release|Any CPU
		{513E9AF1-70CE-41FF-9BD0-9A0D4DF3DEEE}.Release|Any CPU.Build.0 = Release|Any CPU
		{E821672C-F4CE-26CD-8922-7437132884BB}.Debug|Any CPU.ActiveCfg = Debug|Any CPU
		{E821672C-F4CE-26CD-8922-7437132884BB}.Debug|Any CPU.Build.0 = Debug|Any CPU
		{E821672C-F4CE-26CD-8922-7437132884BB}.Release|Any CPU.ActiveCfg = Release|Any CPU
		{E821672C-F4CE-26CD-8922-7437132884BB}.Release|Any CPU.Build.0 = Release|Any CPU
		{D325164A-579D-9A98-3F1B-A05866F57A28}.Debug|Any CPU.ActiveCfg = Debug|Any CPU
		{D325164A-579D-9A98-3F1B-A05866F57A28}.Debug|Any CPU.Build.0 = Debug|Any CPU
		{D325164A-579D-9A98-3F1B-A05866F57A28}.Release|Any CPU.ActiveCfg = Release|Any CPU
		{D325164A-579D-9A98-3F1B-A05866F57A28}.Release|Any CPU.Build.0 = Release|Any CPU
		{AA67E322-B1F3-93E5-89A9-43876CAB3517}.Debug|Any CPU.ActiveCfg = Debug|Any CPU
		{AA67E322-B1F3-93E5-89A9-43876CAB3517}.Debug|Any CPU.Build.0 = Debug|Any CPU
		{AA67E322-B1F3-93E5-89A9-43876CAB3517}.Release|Any CPU.ActiveCfg = Release|Any CPU
		{AA67E322-B1F3-93E5-89A9-43876CAB3517}.Release|Any CPU.Build.0 = Release|Any CPU
		{958564CE-C7AB-E26F-CC9B-56A083C30168}.Debug|Any CPU.ActiveCfg = Debug|Any CPU
		{958564CE-C7AB-E26F-CC9B-56A083C30168}.Debug|Any CPU.Build.0 = Debug|Any CPU
		{958564CE-C7AB-E26F-CC9B-56A083C30168}.Release|Any CPU.ActiveCfg = Release|Any CPU
		{958564CE-C7AB-E26F-CC9B-56A083C30168}.Release|Any CPU.Build.0 = Release|Any CPU
		{C672D7E3-5CDB-E7AA-6FDD-53990AE106AC}.Debug|Any CPU.ActiveCfg = Debug|Any CPU
		{C672D7E3-5CDB-E7AA-6FDD-53990AE106AC}.Debug|Any CPU.Build.0 = Debug|Any CPU
		{C672D7E3-5CDB-E7AA-6FDD-53990AE106AC}.Release|Any CPU.ActiveCfg = Release|Any CPU
		{C672D7E3-5CDB-E7AA-6FDD-53990AE106AC}.Release|Any CPU.Build.0 = Release|Any CPU
		{D4BC18AD-E60F-3912-A45E-F36DFD13AF8C}.Debug|Any CPU.ActiveCfg = Debug|Any CPU
		{D4BC18AD-E60F-3912-A45E-F36DFD13AF8C}.Debug|Any CPU.Build.0 = Debug|Any CPU
		{D4BC18AD-E60F-3912-A45E-F36DFD13AF8C}.Release|Any CPU.ActiveCfg = Release|Any CPU
		{D4BC18AD-E60F-3912-A45E-F36DFD13AF8C}.Release|Any CPU.Build.0 = Release|Any CPU
		{10B2B53D-33E2-24DF-72BF-0BEBDA122019}.Debug|Any CPU.ActiveCfg = Debug|Any CPU
		{10B2B53D-33E2-24DF-72BF-0BEBDA122019}.Debug|Any CPU.Build.0 = Debug|Any CPU
		{10B2B53D-33E2-24DF-72BF-0BEBDA122019}.Release|Any CPU.ActiveCfg = Release|Any CPU
		{10B2B53D-33E2-24DF-72BF-0BEBDA122019}.Release|Any CPU.Build.0 = Release|Any CPU
		{707C0C4C-5578-6E2E-C9A7-9A26913F13CF}.Debug|Any CPU.ActiveCfg = Debug|Any CPU
		{707C0C4C-5578-6E2E-C9A7-9A26913F13CF}.Debug|Any CPU.Build.0 = Debug|Any CPU
		{707C0C4C-5578-6E2E-C9A7-9A26913F13CF}.Release|Any CPU.ActiveCfg = Release|Any CPU
		{707C0C4C-5578-6E2E-C9A7-9A26913F13CF}.Release|Any CPU.Build.0 = Release|Any CPU
		{B22613B7-86E0-3DEA-BA85-8DCAF51B578D}.Debug|Any CPU.ActiveCfg = Debug|Any CPU
		{B22613B7-86E0-3DEA-BA85-8DCAF51B578D}.Debug|Any CPU.Build.0 = Debug|Any CPU
		{B22613B7-86E0-3DEA-BA85-8DCAF51B578D}.Release|Any CPU.ActiveCfg = Release|Any CPU
		{B22613B7-86E0-3DEA-BA85-8DCAF51B578D}.Release|Any CPU.Build.0 = Release|Any CPU
		{5BF5E3A9-2A8F-C175-8E9A-5D9AB85B44A2}.Debug|Any CPU.ActiveCfg = Debug|Any CPU
		{5BF5E3A9-2A8F-C175-8E9A-5D9AB85B44A2}.Debug|Any CPU.Build.0 = Debug|Any CPU
		{5BF5E3A9-2A8F-C175-8E9A-5D9AB85B44A2}.Release|Any CPU.ActiveCfg = Release|Any CPU
		{5BF5E3A9-2A8F-C175-8E9A-5D9AB85B44A2}.Release|Any CPU.Build.0 = Release|Any CPU
		{E35C8671-CB8A-5090-8017-EEB3494FFC99}.Debug|Any CPU.ActiveCfg = Debug|Any CPU
		{E35C8671-CB8A-5090-8017-EEB3494FFC99}.Debug|Any CPU.Build.0 = Debug|Any CPU
		{E35C8671-CB8A-5090-8017-EEB3494FFC99}.Release|Any CPU.ActiveCfg = Release|Any CPU
		{E35C8671-CB8A-5090-8017-EEB3494FFC99}.Release|Any CPU.Build.0 = Release|Any CPU
		{0D217847-2CEE-2B2A-1ECF-597836422FE7}.Debug|Any CPU.ActiveCfg = Debug|Any CPU
		{0D217847-2CEE-2B2A-1ECF-597836422FE7}.Debug|Any CPU.Build.0 = Debug|Any CPU
		{0D217847-2CEE-2B2A-1ECF-597836422FE7}.Release|Any CPU.ActiveCfg = Release|Any CPU
		{0D217847-2CEE-2B2A-1ECF-597836422FE7}.Release|Any CPU.Build.0 = Release|Any CPU
		{87629F6C-06AC-4C31-EEAD-65D70524A558}.Debug|Any CPU.ActiveCfg = Debug|Any CPU
		{87629F6C-06AC-4C31-EEAD-65D70524A558}.Debug|Any CPU.Build.0 = Debug|Any CPU
		{87629F6C-06AC-4C31-EEAD-65D70524A558}.Release|Any CPU.ActiveCfg = Release|Any CPU
		{87629F6C-06AC-4C31-EEAD-65D70524A558}.Release|Any CPU.Build.0 = Release|Any CPU
		{2889A98F-415F-0076-61C9-F56A9CC4BC6E}.Debug|Any CPU.ActiveCfg = Debug|Any CPU
		{2889A98F-415F-0076-61C9-F56A9CC4BC6E}.Debug|Any CPU.Build.0 = Debug|Any CPU
		{2889A98F-415F-0076-61C9-F56A9CC4BC6E}.Release|Any CPU.ActiveCfg = Release|Any CPU
		{2889A98F-415F-0076-61C9-F56A9CC4BC6E}.Release|Any CPU.Build.0 = Release|Any CPU
		{412DF760-51DA-DCF5-4722-1A5173114919}.Debug|Any CPU.ActiveCfg = Debug|Any CPU
		{412DF760-51DA-DCF5-4722-1A5173114919}.Debug|Any CPU.Build.0 = Debug|Any CPU
		{412DF760-51DA-DCF5-4722-1A5173114919}.Release|Any CPU.ActiveCfg = Release|Any CPU
		{412DF760-51DA-DCF5-4722-1A5173114919}.Release|Any CPU.Build.0 = Release|Any CPU
		{21FAB4C0-2198-3F27-B866-8300F30F32C2}.Debug|Any CPU.ActiveCfg = Debug|Any CPU
		{21FAB4C0-2198-3F27-B866-8300F30F32C2}.Debug|Any CPU.Build.0 = Debug|Any CPU
		{21FAB4C0-2198-3F27-B866-8300F30F32C2}.Release|Any CPU.ActiveCfg = Release|Any CPU
		{21FAB4C0-2198-3F27-B866-8300F30F32C2}.Release|Any CPU.Build.0 = Release|Any CPU
		{2587131F-8D85-A99F-3B1A-1955E6763B82}.Debug|Any CPU.ActiveCfg = Debug|Any CPU
		{2587131F-8D85-A99F-3B1A-1955E6763B82}.Debug|Any CPU.Build.0 = Debug|Any CPU
		{2587131F-8D85-A99F-3B1A-1955E6763B82}.Release|Any CPU.ActiveCfg = Release|Any CPU
		{2587131F-8D85-A99F-3B1A-1955E6763B82}.Release|Any CPU.Build.0 = Release|Any CPU
		{7ECB9FD4-BF52-FAC1-D12F-DE85772304E3}.Debug|Any CPU.ActiveCfg = Debug|Any CPU
		{7ECB9FD4-BF52-FAC1-D12F-DE85772304E3}.Debug|Any CPU.Build.0 = Debug|Any CPU
		{7ECB9FD4-BF52-FAC1-D12F-DE85772304E3}.Release|Any CPU.ActiveCfg = Release|Any CPU
		{7ECB9FD4-BF52-FAC1-D12F-DE85772304E3}.Release|Any CPU.Build.0 = Release|Any CPU
		{19547991-3120-25F8-AB85-F2EC9B5892AE}.Debug|Any CPU.ActiveCfg = Debug|Any CPU
		{19547991-3120-25F8-AB85-F2EC9B5892AE}.Debug|Any CPU.Build.0 = Debug|Any CPU
		{19547991-3120-25F8-AB85-F2EC9B5892AE}.Release|Any CPU.ActiveCfg = Release|Any CPU
		{19547991-3120-25F8-AB85-F2EC9B5892AE}.Release|Any CPU.Build.0 = Release|Any CPU
		{7779A45C-5DE8-A169-FD55-2C1224B62BBC}.Debug|Any CPU.ActiveCfg = Debug|Any CPU
		{7779A45C-5DE8-A169-FD55-2C1224B62BBC}.Debug|Any CPU.Build.0 = Debug|Any CPU
		{7779A45C-5DE8-A169-FD55-2C1224B62BBC}.Release|Any CPU.ActiveCfg = Release|Any CPU
		{7779A45C-5DE8-A169-FD55-2C1224B62BBC}.Release|Any CPU.Build.0 = Release|Any CPU
		{07FBF6E5-BBC9-A6AF-D7F6-2ACB3BABFC5E}.Debug|Any CPU.ActiveCfg = Debug|Any CPU
		{07FBF6E5-BBC9-A6AF-D7F6-2ACB3BABFC5E}.Debug|Any CPU.Build.0 = Debug|Any CPU
		{07FBF6E5-BBC9-A6AF-D7F6-2ACB3BABFC5E}.Release|Any CPU.ActiveCfg = Release|Any CPU
		{07FBF6E5-BBC9-A6AF-D7F6-2ACB3BABFC5E}.Release|Any CPU.Build.0 = Release|Any CPU
		{BC9C5968-86B4-031E-FA83-1F2663B7ADF8}.Debug|Any CPU.ActiveCfg = Debug|Any CPU
		{BC9C5968-86B4-031E-FA83-1F2663B7ADF8}.Debug|Any CPU.Build.0 = Debug|Any CPU
		{BC9C5968-86B4-031E-FA83-1F2663B7ADF8}.Release|Any CPU.ActiveCfg = Release|Any CPU
		{BC9C5968-86B4-031E-FA83-1F2663B7ADF8}.Release|Any CPU.Build.0 = Release|Any CPU
		{D8ACBD66-7754-12B9-42F8-0D0A300AD222}.Debug|Any CPU.ActiveCfg = Debug|Any CPU
		{D8ACBD66-7754-12B9-42F8-0D0A300AD222}.Debug|Any CPU.Build.0 = Debug|Any CPU
		{D8ACBD66-7754-12B9-42F8-0D0A300AD222}.Release|Any CPU.ActiveCfg = Release|Any CPU
		{D8ACBD66-7754-12B9-42F8-0D0A300AD222}.Release|Any CPU.Build.0 = Release|Any CPU
		{CF0DDDBE-02D5-DA21-25A5-194DBF05D368}.Debug|Any CPU.ActiveCfg = Debug|Any CPU
		{CF0DDDBE-02D5-DA21-25A5-194DBF05D368}.Debug|Any CPU.Build.0 = Debug|Any CPU
		{CF0DDDBE-02D5-DA21-25A5-194DBF05D368}.Release|Any CPU.ActiveCfg = Release|Any CPU
		{CF0DDDBE-02D5-DA21-25A5-194DBF05D368}.Release|Any CPU.Build.0 = Release|Any CPU
		{4CE6723A-8E80-117C-49F3-6F0388B5B545}.Debug|Any CPU.ActiveCfg = Debug|Any CPU
		{4CE6723A-8E80-117C-49F3-6F0388B5B545}.Debug|Any CPU.Build.0 = Debug|Any CPU
		{4CE6723A-8E80-117C-49F3-6F0388B5B545}.Release|Any CPU.ActiveCfg = Release|Any CPU
		{4CE6723A-8E80-117C-49F3-6F0388B5B545}.Release|Any CPU.Build.0 = Release|Any CPU
		{244F0D9E-9866-EB4F-0BF8-0F25A866EF6E}.Debug|Any CPU.ActiveCfg = Debug|Any CPU
		{244F0D9E-9866-EB4F-0BF8-0F25A866EF6E}.Debug|Any CPU.Build.0 = Debug|Any CPU
		{244F0D9E-9866-EB4F-0BF8-0F25A866EF6E}.Release|Any CPU.ActiveCfg = Release|Any CPU
		{244F0D9E-9866-EB4F-0BF8-0F25A866EF6E}.Release|Any CPU.Build.0 = Release|Any CPU
		{767229D9-C8A7-CF75-2D82-01208CA611E1}.Debug|Any CPU.ActiveCfg = Debug|Any CPU
		{767229D9-C8A7-CF75-2D82-01208CA611E1}.Debug|Any CPU.Build.0 = Debug|Any CPU
		{767229D9-C8A7-CF75-2D82-01208CA611E1}.Release|Any CPU.ActiveCfg = Release|Any CPU
		{767229D9-C8A7-CF75-2D82-01208CA611E1}.Release|Any CPU.Build.0 = Release|Any CPU
		{A74BEFA0-406E-9355-A1DE-94BF80E96E30}.Debug|Any CPU.ActiveCfg = Debug|Any CPU
		{A74BEFA0-406E-9355-A1DE-94BF80E96E30}.Debug|Any CPU.Build.0 = Debug|Any CPU
		{A74BEFA0-406E-9355-A1DE-94BF80E96E30}.Release|Any CPU.ActiveCfg = Release|Any CPU
		{A74BEFA0-406E-9355-A1DE-94BF80E96E30}.Release|Any CPU.Build.0 = Release|Any CPU
		{395627F9-6581-7DD1-0A83-063CA196960C}.Debug|Any CPU.ActiveCfg = Debug|Any CPU
		{395627F9-6581-7DD1-0A83-063CA196960C}.Debug|Any CPU.Build.0 = Debug|Any CPU
		{395627F9-6581-7DD1-0A83-063CA196960C}.Release|Any CPU.ActiveCfg = Release|Any CPU
		{395627F9-6581-7DD1-0A83-063CA196960C}.Release|Any CPU.Build.0 = Release|Any CPU
		{8855AF5C-C5E8-18B4-F9B6-F6DC0842A222}.Debug|Any CPU.ActiveCfg = Debug|Any CPU
		{8855AF5C-C5E8-18B4-F9B6-F6DC0842A222}.Debug|Any CPU.Build.0 = Debug|Any CPU
		{8855AF5C-C5E8-18B4-F9B6-F6DC0842A222}.Release|Any CPU.ActiveCfg = Release|Any CPU
		{8855AF5C-C5E8-18B4-F9B6-F6DC0842A222}.Release|Any CPU.Build.0 = Release|Any CPU
		{60442897-2335-EE6A-22D5-BD4D4637240C}.Debug|Any CPU.ActiveCfg = Debug|Any CPU
		{60442897-2335-EE6A-22D5-BD4D4637240C}.Debug|Any CPU.Build.0 = Debug|Any CPU
		{60442897-2335-EE6A-22D5-BD4D4637240C}.Release|Any CPU.ActiveCfg = Release|Any CPU
		{60442897-2335-EE6A-22D5-BD4D4637240C}.Release|Any CPU.Build.0 = Release|Any CPU
		{42CEF243-75EA-25FB-972C-CDB80765E993}.Debug|Any CPU.ActiveCfg = Debug|Any CPU
		{42CEF243-75EA-25FB-972C-CDB80765E993}.Debug|Any CPU.Build.0 = Debug|Any CPU
		{42CEF243-75EA-25FB-972C-CDB80765E993}.Release|Any CPU.ActiveCfg = Release|Any CPU
		{42CEF243-75EA-25FB-972C-CDB80765E993}.Release|Any CPU.Build.0 = Release|Any CPU
		{1F7F140D-03F7-3E8E-527C-BED97E28929E}.Debug|Any CPU.ActiveCfg = Debug|Any CPU
		{1F7F140D-03F7-3E8E-527C-BED97E28929E}.Debug|Any CPU.Build.0 = Debug|Any CPU
		{1F7F140D-03F7-3E8E-527C-BED97E28929E}.Release|Any CPU.ActiveCfg = Release|Any CPU
		{1F7F140D-03F7-3E8E-527C-BED97E28929E}.Release|Any CPU.Build.0 = Release|Any CPU
		{7C7B8FFF-27DA-A5F3-05D9-F560EEE6153A}.Debug|Any CPU.ActiveCfg = Debug|Any CPU
		{7C7B8FFF-27DA-A5F3-05D9-F560EEE6153A}.Debug|Any CPU.Build.0 = Debug|Any CPU
		{7C7B8FFF-27DA-A5F3-05D9-F560EEE6153A}.Release|Any CPU.ActiveCfg = Release|Any CPU
		{7C7B8FFF-27DA-A5F3-05D9-F560EEE6153A}.Release|Any CPU.Build.0 = Release|Any CPU
		{39E1AC1E-DAE9-9A77-70CE-4F2E68E7DECC}.Debug|Any CPU.ActiveCfg = Debug|Any CPU
		{39E1AC1E-DAE9-9A77-70CE-4F2E68E7DECC}.Debug|Any CPU.Build.0 = Debug|Any CPU
		{39E1AC1E-DAE9-9A77-70CE-4F2E68E7DECC}.Release|Any CPU.ActiveCfg = Release|Any CPU
		{39E1AC1E-DAE9-9A77-70CE-4F2E68E7DECC}.Release|Any CPU.Build.0 = Release|Any CPU
		{9466B2CF-FF5C-11B3-50F8-6ACCCC1DED1F}.Debug|Any CPU.ActiveCfg = Debug|Any CPU
		{9466B2CF-FF5C-11B3-50F8-6ACCCC1DED1F}.Debug|Any CPU.Build.0 = Debug|Any CPU
		{9466B2CF-FF5C-11B3-50F8-6ACCCC1DED1F}.Release|Any CPU.ActiveCfg = Release|Any CPU
		{9466B2CF-FF5C-11B3-50F8-6ACCCC1DED1F}.Release|Any CPU.Build.0 = Release|Any CPU
		{DDF86F1D-7046-D2D2-44D9-3CA23D1B8049}.Debug|Any CPU.ActiveCfg = Debug|Any CPU
		{DDF86F1D-7046-D2D2-44D9-3CA23D1B8049}.Debug|Any CPU.Build.0 = Debug|Any CPU
		{DDF86F1D-7046-D2D2-44D9-3CA23D1B8049}.Release|Any CPU.ActiveCfg = Release|Any CPU
		{DDF86F1D-7046-D2D2-44D9-3CA23D1B8049}.Release|Any CPU.Build.0 = Release|Any CPU
		{C2E50763-3D82-9445-7BA8-010EBDE98998}.Debug|Any CPU.ActiveCfg = Debug|Any CPU
		{C2E50763-3D82-9445-7BA8-010EBDE98998}.Debug|Any CPU.Build.0 = Debug|Any CPU
		{C2E50763-3D82-9445-7BA8-010EBDE98998}.Release|Any CPU.ActiveCfg = Release|Any CPU
		{C2E50763-3D82-9445-7BA8-010EBDE98998}.Release|Any CPU.Build.0 = Release|Any CPU
		{618AC0D6-B6CD-208A-2B92-FC4F21EBEE7C}.Debug|Any CPU.ActiveCfg = Debug|Any CPU
		{618AC0D6-B6CD-208A-2B92-FC4F21EBEE7C}.Debug|Any CPU.Build.0 = Debug|Any CPU
		{618AC0D6-B6CD-208A-2B92-FC4F21EBEE7C}.Release|Any CPU.ActiveCfg = Release|Any CPU
		{618AC0D6-B6CD-208A-2B92-FC4F21EBEE7C}.Release|Any CPU.Build.0 = Release|Any CPU
		{DB4B0BFE-1F53-7B4D-BDA6-AC83177448E7}.Debug|Any CPU.ActiveCfg = Debug|Any CPU
		{DB4B0BFE-1F53-7B4D-BDA6-AC83177448E7}.Debug|Any CPU.Build.0 = Debug|Any CPU
		{DB4B0BFE-1F53-7B4D-BDA6-AC83177448E7}.Release|Any CPU.ActiveCfg = Release|Any CPU
		{DB4B0BFE-1F53-7B4D-BDA6-AC83177448E7}.Release|Any CPU.Build.0 = Release|Any CPU
		{2D4EA6D3-9F16-4C76-147B-B6922A5CA6A6}.Debug|Any CPU.ActiveCfg = Debug|Any CPU
		{2D4EA6D3-9F16-4C76-147B-B6922A5CA6A6}.Debug|Any CPU.Build.0 = Debug|Any CPU
		{2D4EA6D3-9F16-4C76-147B-B6922A5CA6A6}.Release|Any CPU.ActiveCfg = Release|Any CPU
		{2D4EA6D3-9F16-4C76-147B-B6922A5CA6A6}.Release|Any CPU.Build.0 = Release|Any CPU
		{D14953B3-E75C-CF29-CBB6-975F10684605}.Debug|Any CPU.ActiveCfg = Debug|Any CPU
		{D14953B3-E75C-CF29-CBB6-975F10684605}.Debug|Any CPU.Build.0 = Debug|Any CPU
		{D14953B3-E75C-CF29-CBB6-975F10684605}.Release|Any CPU.ActiveCfg = Release|Any CPU
		{D14953B3-E75C-CF29-CBB6-975F10684605}.Release|Any CPU.Build.0 = Release|Any CPU
		{6098170E-826E-8132-C932-C277F9DAE852}.Debug|Any CPU.ActiveCfg = Debug|Any CPU
		{6098170E-826E-8132-C932-C277F9DAE852}.Debug|Any CPU.Build.0 = Debug|Any CPU
		{6098170E-826E-8132-C932-C277F9DAE852}.Release|Any CPU.ActiveCfg = Release|Any CPU
		{6098170E-826E-8132-C932-C277F9DAE852}.Release|Any CPU.Build.0 = Release|Any CPU
		{BD584CC2-7E90-33F4-9763-95A28FF9A307}.Debug|Any CPU.ActiveCfg = Debug|Any CPU
		{BD584CC2-7E90-33F4-9763-95A28FF9A307}.Debug|Any CPU.Build.0 = Debug|Any CPU
		{BD584CC2-7E90-33F4-9763-95A28FF9A307}.Release|Any CPU.ActiveCfg = Release|Any CPU
		{BD584CC2-7E90-33F4-9763-95A28FF9A307}.Release|Any CPU.Build.0 = Release|Any CPU
		{DFB320C8-F5B5-9923-DBE1-492AAEB9D758}.Debug|Any CPU.ActiveCfg = Debug|Any CPU
		{DFB320C8-F5B5-9923-DBE1-492AAEB9D758}.Debug|Any CPU.Build.0 = Debug|Any CPU
		{DFB320C8-F5B5-9923-DBE1-492AAEB9D758}.Release|Any CPU.ActiveCfg = Release|Any CPU
		{DFB320C8-F5B5-9923-DBE1-492AAEB9D758}.Release|Any CPU.Build.0 = Release|Any CPU
		{840FC125-4A43-32C9-5FA4-1E707B524957}.Debug|Any CPU.ActiveCfg = Debug|Any CPU
		{840FC125-4A43-32C9-5FA4-1E707B524957}.Debug|Any CPU.Build.0 = Debug|Any CPU
		{840FC125-4A43-32C9-5FA4-1E707B524957}.Release|Any CPU.ActiveCfg = Release|Any CPU
		{840FC125-4A43-32C9-5FA4-1E707B524957}.Release|Any CPU.Build.0 = Release|Any CPU
		{D0726D9D-DB53-357A-6240-7E069291327A}.Debug|Any CPU.ActiveCfg = Debug|Any CPU
		{D0726D9D-DB53-357A-6240-7E069291327A}.Debug|Any CPU.Build.0 = Debug|Any CPU
		{D0726D9D-DB53-357A-6240-7E069291327A}.Release|Any CPU.ActiveCfg = Release|Any CPU
		{D0726D9D-DB53-357A-6240-7E069291327A}.Release|Any CPU.Build.0 = Release|Any CPU
		{01084492-8A37-C4C7-BA4A-FB5462DEE419}.Debug|Any CPU.ActiveCfg = Debug|Any CPU
		{01084492-8A37-C4C7-BA4A-FB5462DEE419}.Debug|Any CPU.Build.0 = Debug|Any CPU
		{01084492-8A37-C4C7-BA4A-FB5462DEE419}.Release|Any CPU.ActiveCfg = Release|Any CPU
		{01084492-8A37-C4C7-BA4A-FB5462DEE419}.Release|Any CPU.Build.0 = Release|Any CPU
		{2A1A9EEB-2E95-6E55-D59D-4DA3D3BFB568}.Debug|Any CPU.ActiveCfg = Debug|Any CPU
		{2A1A9EEB-2E95-6E55-D59D-4DA3D3BFB568}.Debug|Any CPU.Build.0 = Debug|Any CPU
		{2A1A9EEB-2E95-6E55-D59D-4DA3D3BFB568}.Release|Any CPU.ActiveCfg = Release|Any CPU
		{2A1A9EEB-2E95-6E55-D59D-4DA3D3BFB568}.Release|Any CPU.Build.0 = Release|Any CPU
		{408153C5-55C9-C3FF-9CC3-8A904FD6CB97}.Debug|Any CPU.ActiveCfg = Debug|Any CPU
		{408153C5-55C9-C3FF-9CC3-8A904FD6CB97}.Debug|Any CPU.Build.0 = Debug|Any CPU
		{408153C5-55C9-C3FF-9CC3-8A904FD6CB97}.Release|Any CPU.ActiveCfg = Release|Any CPU
		{408153C5-55C9-C3FF-9CC3-8A904FD6CB97}.Release|Any CPU.Build.0 = Release|Any CPU
		{64B06345-B665-B6F5-AAF5-4BB0ED5698C9}.Debug|Any CPU.ActiveCfg = Debug|Any CPU
		{64B06345-B665-B6F5-AAF5-4BB0ED5698C9}.Debug|Any CPU.Build.0 = Debug|Any CPU
		{64B06345-B665-B6F5-AAF5-4BB0ED5698C9}.Release|Any CPU.ActiveCfg = Release|Any CPU
		{64B06345-B665-B6F5-AAF5-4BB0ED5698C9}.Release|Any CPU.Build.0 = Release|Any CPU
		{10F228E4-D477-ABD6-9330-E0A4BB72658D}.Debug|Any CPU.ActiveCfg = Debug|Any CPU
		{10F228E4-D477-ABD6-9330-E0A4BB72658D}.Debug|Any CPU.Build.0 = Debug|Any CPU
		{10F228E4-D477-ABD6-9330-E0A4BB72658D}.Release|Any CPU.ActiveCfg = Release|Any CPU
		{10F228E4-D477-ABD6-9330-E0A4BB72658D}.Release|Any CPU.Build.0 = Release|Any CPU
		{B5F7902B-E5CA-33C8-CE77-FC5B6014DCF4}.Debug|Any CPU.ActiveCfg = Debug|Any CPU
		{B5F7902B-E5CA-33C8-CE77-FC5B6014DCF4}.Debug|Any CPU.Build.0 = Debug|Any CPU
		{B5F7902B-E5CA-33C8-CE77-FC5B6014DCF4}.Release|Any CPU.ActiveCfg = Release|Any CPU
		{B5F7902B-E5CA-33C8-CE77-FC5B6014DCF4}.Release|Any CPU.Build.0 = Release|Any CPU
	EndGlobalSection
	GlobalSection(SolutionProperties) = preSolution
		HideSolutionNode = FALSE
	EndGlobalSection
EndGlobal
